
Microsoft Visual Studio Solution File, Format Version 11.00
# Visual Studio 2010
Project("{FAE04EC0-301F-11D3-BF4B-00C04F79EFBC}") = "Assembly-CSharp", "Assembly-CSharp.csproj", "{3c83b29e-36a6-9f3c-5703-42a691186151}"
EndProject
Project("{FAE04EC0-301F-11D3-BF4B-00C04F79EFBC}") = "Assembly-CSharp-Editor", "Assembly-CSharp-Editor.csproj", "{442f1b8c-07cf-a51d-af0d-e5bbd26948af}"
EndProject
Global
	GlobalSection(SolutionConfigurationPlatforms) = preSolution
		Debug|Any CPU = Debug|Any CPU
	EndGlobalSection
	GlobalSection(ProjectConfigurationPlatforms) = postSolution
		{3c83b29e-36a6-9f3c-5703-42a691186151}.Debug|Any CPU.ActiveCfg = Debug|Any CPU
		{3c83b29e-36a6-9f3c-5703-42a691186151}.Debug|Any CPU.Build.0 = Debug|Any CPU
		{442f1b8c-07cf-a51d-af0d-e5bbd26948af}.Debug|Any CPU.ActiveCfg = Debug|Any CPU
		{442f1b8c-07cf-a51d-af0d-e5bbd26948af}.Debug|Any CPU.Build.0 = Debug|Any CPU
	EndGlobalSection
	GlobalSection(SolutionProperties) = preSolution
		HideSolutionNode = FALSE
	EndGlobalSection
EndGlobal
