
Microsoft Visual Studio Solution File, Format Version 11.00
# Visual Studio 2010
Project("{FAE04EC0-301F-11D3-BF4B-00C04F79EFBC}") = "Assembly-CSharp", "Assembly-CSharp.csproj", "{0d51bb83-bafa-9249-e4ae-6f63e8f90738}"
EndProject
Project("{FAE04EC0-301F-11D3-BF4B-00C04F79EFBC}") = "Assembly-CSharp-Editor", "Assembly-CSharp-Editor.csproj", "{ecaef1f0-d151-b1dc-734a-f56956272a0d}"
EndProject
Global
	GlobalSection(SolutionConfigurationPlatforms) = preSolution
		Debug|Any CPU = Debug|Any CPU
	EndGlobalSection
	GlobalSection(ProjectConfigurationPlatforms) = postSolution
		{0d51bb83-bafa-9249-e4ae-6f63e8f90738}.Debug|Any CPU.ActiveCfg = Debug|Any CPU
		{0d51bb83-bafa-9249-e4ae-6f63e8f90738}.Debug|Any CPU.Build.0 = Debug|Any CPU
		{ecaef1f0-d151-b1dc-734a-f56956272a0d}.Debug|Any CPU.ActiveCfg = Debug|Any CPU
		{ecaef1f0-d151-b1dc-734a-f56956272a0d}.Debug|Any CPU.Build.0 = Debug|Any CPU
	EndGlobalSection
	GlobalSection(SolutionProperties) = preSolution
		HideSolutionNode = FALSE
	EndGlobalSection
EndGlobal
